
Microsoft Visual Studio Solution File, Format Version 12.00
# Visual Studio Version 17
VisualStudioVersion = 17.0.31903.59
MinimumVisualStudioVersion = 10.0.40219.1
Project("{2150E333-8FDC-42A3-9474-1A3956D46DE8}") = "src", "src", "{827E0CD3-B72D-47B6-A68D-7590B98EB39B}"
EndProject
Project("{FAE04EC0-301F-11D3-BF4B-00C04F79EFBC}") = "PrintGrid.Api", "src\PrintGrid.Api\PrintGrid.Api.csproj", "{72FFDC15-9C11-4E6D-9F82-35AF5A4BA3BD}"
EndProject
Project("{FAE04EC0-301F-11D3-BF4B-00C04F79EFBC}") = "PrintGrid.Infrastructure.Shared", "src\PrintGrid.Infrastructure.Shared\PrintGrid.Infrastructure.Shared.csproj", "{D3C333B7-26B3-4032-994E-6C531F991074}"
EndProject
Project("{FAE04EC0-301F-11D3-BF4B-00C04F79EFBC}") = "PrintGrid.Modules.Admin.Application", "src\PrintGrid.Modules\Admin\PrintGrid.Modules.Admin.Application\PrintGrid.Modules.Admin.Application.csproj", "{E68B2228-8882-4912-BA59-FD323E7873C3}"
EndProject
Project("{FAE04EC0-301F-11D3-BF4B-00C04F79EFBC}") = "PrintGrid.Modules.Admin.Domain", "src\PrintGrid.Modules\Admin\PrintGrid.Modules.Admin.Domain\PrintGrid.Modules.Admin.Domain.csproj", "{B1956864-B2C2-4B36-8668-EECACE20B008}"
EndProject
Project("{FAE04EC0-301F-11D3-BF4B-00C04F79EFBC}") = "PrintGrid.Modules.Admin.Infrastructure", "src\PrintGrid.Modules\Admin\PrintGrid.Modules.Admin.Infrastructure\PrintGrid.Modules.Admin.Infrastructure.csproj", "{54E539C9-2B18-4274-8D43-B980D9F8DBFD}"
EndProject
Project("{FAE04EC0-301F-11D3-BF4B-00C04F79EFBC}") = "PrintGrid.Modules.Analytics.Application", "src\PrintGrid.Modules\Analytics\PrintGrid.Modules.Analytics.Application\PrintGrid.Modules.Analytics.Application.csproj", "{406B00BB-214D-45F4-9A14-A78CAAD92B4F}"
EndProject
Project("{FAE04EC0-301F-11D3-BF4B-00C04F79EFBC}") = "PrintGrid.Modules.Analytics.Domain", "src\PrintGrid.Modules\Analytics\PrintGrid.Modules.Analytics.Domain\PrintGrid.Modules.Analytics.Domain.csproj", "{85DC0465-977B-455F-9DB6-084C4AE295A4}"
EndProject
Project("{FAE04EC0-301F-11D3-BF4B-00C04F79EFBC}") = "PrintGrid.Modules.Analytics.Infrastructure", "src\PrintGrid.Modules\Analytics\PrintGrid.Modules.Analytics.Infrastructure\PrintGrid.Modules.Analytics.Infrastructure.csproj", "{D5D93F03-C745-43AD-B45B-A69E31AA0251}"
EndProject
Project("{FAE04EC0-301F-11D3-BF4B-00C04F79EFBC}") = "PrintGrid.Modules.Customer.Application", "src\PrintGrid.Modules\Customer\PrintGrid.Modules.Customer.Application\PrintGrid.Modules.Customer.Application.csproj", "{46B30F43-49C0-4769-8A32-831208765390}"
EndProject
Project("{FAE04EC0-301F-11D3-BF4B-00C04F79EFBC}") = "PrintGrid.Modules.Customer.Domain", "src\PrintGrid.Modules\Customer\PrintGrid.Modules.Customer.Domain\PrintGrid.Modules.Customer.Domain.csproj", "{62CBEF0D-D895-4697-BDF5-72A59E437A14}"
EndProject
Project("{FAE04EC0-301F-11D3-BF4B-00C04F79EFBC}") = "PrintGrid.Modules.Customer.Infrastructure", "src\PrintGrid.Modules\Customer\PrintGrid.Modules.Customer.Infrastructure\PrintGrid.Modules.Customer.Infrastructure.csproj", "{7B1C34FF-DD8F-4E40-905E-3B6E1A5C1151}"
EndProject
Project("{FAE04EC0-301F-11D3-BF4B-00C04F79EFBC}") = "PrintGrid.Modules.Hub.Application", "src\PrintGrid.Modules\Hub\PrintGrid.Modules.Hub.Application\PrintGrid.Modules.Hub.Application.csproj", "{4168616E-5913-49FB-B864-96FE028F4FC4}"
EndProject
Project("{FAE04EC0-301F-11D3-BF4B-00C04F79EFBC}") = "PrintGrid.Modules.Hub.Domain", "src\PrintGrid.Modules\Hub\PrintGrid.Modules.Hub.Domain\PrintGrid.Modules.Hub.Domain.csproj", "{80F4D0FC-A754-4D4D-8D3A-B886B3A3EF56}"
EndProject
Project("{FAE04EC0-301F-11D3-BF4B-00C04F79EFBC}") = "PrintGrid.Modules.Hub.Infrastructure", "src\PrintGrid.Modules\Hub\PrintGrid.Modules.Hub.Infrastructure\PrintGrid.Modules.Hub.Infrastructure.csproj", "{D0E1419A-A73C-4C58-9620-6B444F2AE5C1}"
EndProject
Project("{FAE04EC0-301F-11D3-BF4B-00C04F79EFBC}") = "PrintGrid.Modules.Lab.Application", "src\PrintGrid.Modules\Lab\PrintGrid.Modules.Lab.Application\PrintGrid.Modules.Lab.Application.csproj", "{5A1513A2-656C-495B-A021-D24656DFD486}"
EndProject
Project("{FAE04EC0-301F-11D3-BF4B-00C04F79EFBC}") = "PrintGrid.Modules.Lab.Domain", "src\PrintGrid.Modules\Lab\PrintGrid.Modules.Lab.Domain\PrintGrid.Modules.Lab.Domain.csproj", "{0289087D-F25C-4CC0-B08D-7206D0DAB96D}"
EndProject
Project("{FAE04EC0-301F-11D3-BF4B-00C04F79EFBC}") = "PrintGrid.Modules.Lab.Infrastructure", "src\PrintGrid.Modules\Lab\PrintGrid.Modules.Lab.Infrastructure\PrintGrid.Modules.Lab.Infrastructure.csproj", "{216370AC-C19C-44E1-9ABB-B886F58A56F8}"
EndProject
Project("{FAE04EC0-301F-11D3-BF4B-00C04F79EFBC}") = "PrintGrid.Modules.Scheduling.Application", "src\PrintGrid.Modules\Scheduling\PrintGrid.Modules.Scheduling.Application\PrintGrid.Modules.Scheduling.Application.csproj", "{B471FA11-D538-47E9-BFB3-BAA9A16F6597}"
EndProject
Project("{FAE04EC0-301F-11D3-BF4B-00C04F79EFBC}") = "PrintGrid.Modules.Scheduling.Domain", "src\PrintGrid.Modules\Scheduling\PrintGrid.Modules.Scheduling.Domain\PrintGrid.Modules.Scheduling.Domain.csproj", "{6818B422-3A7E-44C6-81AD-01EFD0BE5956}"
EndProject
Project("{FAE04EC0-301F-11D3-BF4B-00C04F79EFBC}") = "PrintGrid.Modules.Scheduling.Infrastructure", "src\PrintGrid.Modules\Scheduling\PrintGrid.Modules.Scheduling.Infrastructure\PrintGrid.Modules.Scheduling.Infrastructure.csproj", "{864A8B38-AFEC-44BC-BC45-BB57E0C221E7}"
EndProject
Project("{FAE04EC0-301F-11D3-BF4B-00C04F79EFBC}") = "PrintGrid.SharedKernel", "src\PrintGrid.SharedKernel\PrintGrid.SharedKernel.csproj", "{A00E0C0A-FD1C-4915-A916-D2ED16B5E95B}"
EndProject
Project("{FAE04EC0-301F-11D3-BF4B-00C04F79EFBC}") = "PrintGrid.IntegrationTests", "tests\PrintGrid.IntegrationTests\PrintGrid.IntegrationTests.csproj", "{8FEEA622-1BE4-41B7-BA16-7BC825B41A02}"
EndProject
Project("{FAE04EC0-301F-11D3-BF4B-00C04F79EFBC}") = "PrintGrid.UnitTests", "tests\PrintGrid.UnitTests\PrintGrid.UnitTests.csproj", "{F3EA4EFC-D1A3-48D3-9602-C186EDC38BF5}"
EndProject
Global
	GlobalSection(SolutionConfigurationPlatforms) = preSolution
		Debug|Any CPU = Debug|Any CPU
		Debug|x64 = Debug|x64
		Debug|x86 = Debug|x86
		Release|Any CPU = Release|Any CPU
		Release|x64 = Release|x64
		Release|x86 = Release|x86
	EndGlobalSection
	GlobalSection(ProjectConfigurationPlatforms) = postSolution
		{72FFDC15-9C11-4E6D-9F82-35AF5A4BA3BD}.Debug|Any CPU.ActiveCfg = Debug|Any CPU
		{72FFDC15-9C11-4E6D-9F82-35AF5A4BA3BD}.Debug|Any CPU.Build.0 = Debug|Any CPU
		{72FFDC15-9C11-4E6D-9F82-35AF5A4BA3BD}.Debug|x64.ActiveCfg = Debug|Any CPU
		{72FFDC15-9C11-4E6D-9F82-35AF5A4BA3BD}.Debug|x64.Build.0 = Debug|Any CPU
		{72FFDC15-9C11-4E6D-9F82-35AF5A4BA3BD}.Debug|x86.ActiveCfg = Debug|Any CPU
		{72FFDC15-9C11-4E6D-9F82-35AF5A4BA3BD}.Debug|x86.Build.0 = Debug|Any CPU
		{72FFDC15-9C11-4E6D-9F82-35AF5A4BA3BD}.Release|Any CPU.ActiveCfg = Release|Any CPU
		{72FFDC15-9C11-4E6D-9F82-35AF5A4BA3BD}.Release|Any CPU.Build.0 = Release|Any CPU
		{72FFDC15-9C11-4E6D-9F82-35AF5A4BA3BD}.Release|x64.ActiveCfg = Release|Any CPU
		{72FFDC15-9C11-4E6D-9F82-35AF5A4BA3BD}.Release|x64.Build.0 = Release|Any CPU
		{72FFDC15-9C11-4E6D-9F82-35AF5A4BA3BD}.Release|x86.ActiveCfg = Release|Any CPU
		{72FFDC15-9C11-4E6D-9F82-35AF5A4BA3BD}.Release|x86.Build.0 = Release|Any CPU
		{D3C333B7-26B3-4032-994E-6C531F991074}.Debug|Any CPU.ActiveCfg = Debug|Any CPU
		{D3C333B7-26B3-4032-994E-6C531F991074}.Debug|Any CPU.Build.0 = Debug|Any CPU
		{D3C333B7-26B3-4032-994E-6C531F991074}.Debug|x64.ActiveCfg = Debug|Any CPU
		{D3C333B7-26B3-4032-994E-6C531F991074}.Debug|x64.Build.0 = Debug|Any CPU
		{D3C333B7-26B3-4032-994E-6C531F991074}.Debug|x86.ActiveCfg = Debug|Any CPU
		{D3C333B7-26B3-4032-994E-6C531F991074}.Debug|x86.Build.0 = Debug|Any CPU
		{D3C333B7-26B3-4032-994E-6C531F991074}.Release|Any CPU.ActiveCfg = Release|Any CPU
		{D3C333B7-26B3-4032-994E-6C531F991074}.Release|Any CPU.Build.0 = Release|Any CPU
		{D3C333B7-26B3-4032-994E-6C531F991074}.Release|x64.ActiveCfg = Release|Any CPU
		{D3C333B7-26B3-4032-994E-6C531F991074}.Release|x64.Build.0 = Release|Any CPU
		{D3C333B7-26B3-4032-994E-6C531F991074}.Release|x86.ActiveCfg = Release|Any CPU
		{D3C333B7-26B3-4032-994E-6C531F991074}.Release|x86.Build.0 = Release|Any CPU
		{E68B2228-8882-4912-BA59-FD323E7873C3}.Debug|Any CPU.ActiveCfg = Debug|Any CPU
		{E68B2228-8882-4912-BA59-FD323E7873C3}.Debug|Any CPU.Build.0 = Debug|Any CPU
		{E68B2228-8882-4912-BA59-FD323E7873C3}.Debug|x64.ActiveCfg = Debug|Any CPU
		{E68B2228-8882-4912-BA59-FD323E7873C3}.Debug|x64.Build.0 = Debug|Any CPU
		{E68B2228-8882-4912-BA59-FD323E7873C3}.Debug|x86.ActiveCfg = Debug|Any CPU
		{E68B2228-8882-4912-BA59-FD323E7873C3}.Debug|x86.Build.0 = Debug|Any CPU
		{E68B2228-8882-4912-BA59-FD323E7873C3}.Release|Any CPU.ActiveCfg = Release|Any CPU
		{E68B2228-8882-4912-BA59-FD323E7873C3}.Release|Any CPU.Build.0 = Release|Any CPU
		{E68B2228-8882-4912-BA59-FD323E7873C3}.Release|x64.ActiveCfg = Release|Any CPU
		{E68B2228-8882-4912-BA59-FD323E7873C3}.Release|x64.Build.0 = Release|Any CPU
		{E68B2228-8882-4912-BA59-FD323E7873C3}.Release|x86.ActiveCfg = Release|Any CPU
		{E68B2228-8882-4912-BA59-FD323E7873C3}.Release|x86.Build.0 = Release|Any CPU
		{B1956864-B2C2-4B36-8668-EECACE20B008}.Debug|Any CPU.ActiveCfg = Debug|Any CPU
		{B1956864-B2C2-4B36-8668-EECACE20B008}.Debug|Any CPU.Build.0 = Debug|Any CPU
		{B1956864-B2C2-4B36-8668-EECACE20B008}.Debug|x64.ActiveCfg = Debug|Any CPU
		{B1956864-B2C2-4B36-8668-EECACE20B008}.Debug|x64.Build.0 = Debug|Any CPU
		{B1956864-B2C2-4B36-8668-EECACE20B008}.Debug|x86.ActiveCfg = Debug|Any CPU
		{B1956864-B2C2-4B36-8668-EECACE20B008}.Debug|x86.Build.0 = Debug|Any CPU
		{B1956864-B2C2-4B36-8668-EECACE20B008}.Release|Any CPU.ActiveCfg = Release|Any CPU
		{B1956864-B2C2-4B36-8668-EECACE20B008}.Release|Any CPU.Build.0 = Release|Any CPU
		{B1956864-B2C2-4B36-8668-EECACE20B008}.Release|x64.ActiveCfg = Release|Any CPU
		{B1956864-B2C2-4B36-8668-EECACE20B008}.Release|x64.Build.0 = Release|Any CPU
		{B1956864-B2C2-4B36-8668-EECACE20B008}.Release|x86.ActiveCfg = Release|Any CPU
		{B1956864-B2C2-4B36-8668-EECACE20B008}.Release|x86.Build.0 = Release|Any CPU
		{54E539C9-2B18-4274-8D43-B980D9F8DBFD}.Debug|Any CPU.ActiveCfg = Debug|Any CPU
		{54E539C9-2B18-4274-8D43-B980D9F8DBFD}.Debug|Any CPU.Build.0 = Debug|Any CPU
		{54E539C9-2B18-4274-8D43-B980D9F8DBFD}.Debug|x64.ActiveCfg = Debug|Any CPU
		{54E539C9-2B18-4274-8D43-B980D9F8DBFD}.Debug|x64.Build.0 = Debug|Any CPU
		{54E539C9-2B18-4274-8D43-B980D9F8DBFD}.Debug|x86.ActiveCfg = Debug|Any CPU
		{54E539C9-2B18-4274-8D43-B980D9F8DBFD}.Debug|x86.Build.0 = Debug|Any CPU
		{54E539C9-2B18-4274-8D43-B980D9F8DBFD}.Release|Any CPU.ActiveCfg = Release|Any CPU
		{54E539C9-2B18-4274-8D43-B980D9F8DBFD}.Release|Any CPU.Build.0 = Release|Any CPU
		{54E539C9-2B18-4274-8D43-B980D9F8DBFD}.Release|x64.ActiveCfg = Release|Any CPU
		{54E539C9-2B18-4274-8D43-B980D9F8DBFD}.Release|x64.Build.0 = Release|Any CPU
		{54E539C9-2B18-4274-8D43-B980D9F8DBFD}.Release|x86.ActiveCfg = Release|Any CPU
		{54E539C9-2B18-4274-8D43-B980D9F8DBFD}.Release|x86.Build.0 = Release|Any CPU
		{406B00BB-214D-45F4-9A14-A78CAAD92B4F}.Debug|Any CPU.ActiveCfg = Debug|Any CPU
		{406B00BB-214D-45F4-9A14-A78CAAD92B4F}.Debug|Any CPU.Build.0 = Debug|Any CPU
		{406B00BB-214D-45F4-9A14-A78CAAD92B4F}.Debug|x64.ActiveCfg = Debug|Any CPU
		{406B00BB-214D-45F4-9A14-A78CAAD92B4F}.Debug|x64.Build.0 = Debug|Any CPU
		{406B00BB-214D-45F4-9A14-A78CAAD92B4F}.Debug|x86.ActiveCfg = Debug|Any CPU
		{406B00BB-214D-45F4-9A14-A78CAAD92B4F}.Debug|x86.Build.0 = Debug|Any CPU
		{406B00BB-214D-45F4-9A14-A78CAAD92B4F}.Release|Any CPU.ActiveCfg = Release|Any CPU
		{406B00BB-214D-45F4-9A14-A78CAAD92B4F}.Release|Any CPU.Build.0 = Release|Any CPU
		{406B00BB-214D-45F4-9A14-A78CAAD92B4F}.Release|x64.ActiveCfg = Release|Any CPU
		{406B00BB-214D-45F4-9A14-A78CAAD92B4F}.Release|x64.Build.0 = Release|Any CPU
		{406B00BB-214D-45F4-9A14-A78CAAD92B4F}.Release|x86.ActiveCfg = Release|Any CPU
		{406B00BB-214D-45F4-9A14-A78CAAD92B4F}.Release|x86.Build.0 = Release|Any CPU
		{85DC0465-977B-455F-9DB6-084C4AE295A4}.Debug|Any CPU.ActiveCfg = Debug|Any CPU
		{85DC0465-977B-455F-9DB6-084C4AE295A4}.Debug|Any CPU.Build.0 = Debug|Any CPU
		{85DC0465-977B-455F-9DB6-084C4AE295A4}.Debug|x64.ActiveCfg = Debug|Any CPU
		{85DC0465-977B-455F-9DB6-084C4AE295A4}.Debug|x64.Build.0 = Debug|Any CPU
		{85DC0465-977B-455F-9DB6-084C4AE295A4}.Debug|x86.ActiveCfg = Debug|Any CPU
		{85DC0465-977B-455F-9DB6-084C4AE295A4}.Debug|x86.Build.0 = Debug|Any CPU
		{85DC0465-977B-455F-9DB6-084C4AE295A4}.Release|Any CPU.ActiveCfg = Release|Any CPU
		{85DC0465-977B-455F-9DB6-084C4AE295A4}.Release|Any CPU.Build.0 = Release|Any CPU
		{85DC0465-977B-455F-9DB6-084C4AE295A4}.Release|x64.ActiveCfg = Release|Any CPU
		{85DC0465-977B-455F-9DB6-084C4AE295A4}.Release|x64.Build.0 = Release|Any CPU
		{85DC0465-977B-455F-9DB6-084C4AE295A4}.Release|x86.ActiveCfg = Release|Any CPU
		{85DC0465-977B-455F-9DB6-084C4AE295A4}.Release|x86.Build.0 = Release|Any CPU
		{D5D93F03-C745-43AD-B45B-A69E31AA0251}.Debug|Any CPU.ActiveCfg = Debug|Any CPU
		{D5D93F03-C745-43AD-B45B-A69E31AA0251}.Debug|Any CPU.Build.0 = Debug|Any CPU
		{D5D93F03-C745-43AD-B45B-A69E31AA0251}.Debug|x64.ActiveCfg = Debug|Any CPU
		{D5D93F03-C745-43AD-B45B-A69E31AA0251}.Debug|x64.Build.0 = Debug|Any CPU
		{D5D93F03-C745-43AD-B45B-A69E31AA0251}.Debug|x86.ActiveCfg = Debug|Any CPU
		{D5D93F03-C745-43AD-B45B-A69E31AA0251}.Debug|x86.Build.0 = Debug|Any CPU
		{D5D93F03-C745-43AD-B45B-A69E31AA0251}.Release|Any CPU.ActiveCfg = Release|Any CPU
		{D5D93F03-C745-43AD-B45B-A69E31AA0251}.Release|Any CPU.Build.0 = Release|Any CPU
		{D5D93F03-C745-43AD-B45B-A69E31AA0251}.Release|x64.ActiveCfg = Release|Any CPU
		{D5D93F03-C745-43AD-B45B-A69E31AA0251}.Release|x64.Build.0 = Release|Any CPU
		{D5D93F03-C745-43AD-B45B-A69E31AA0251}.Release|x86.ActiveCfg = Release|Any CPU
		{D5D93F03-C745-43AD-B45B-A69E31AA0251}.Release|x86.Build.0 = Release|Any CPU
		{46B30F43-49C0-4769-8A32-831208765390}.Debug|Any CPU.ActiveCfg = Debug|Any CPU
		{46B30F43-49C0-4769-8A32-831208765390}.Debug|Any CPU.Build.0 = Debug|Any CPU
		{46B30F43-49C0-4769-8A32-831208765390}.Debug|x64.ActiveCfg = Debug|Any CPU
		{46B30F43-49C0-4769-8A32-831208765390}.Debug|x64.Build.0 = Debug|Any CPU
		{46B30F43-49C0-4769-8A32-831208765390}.Debug|x86.ActiveCfg = Debug|Any CPU
		{46B30F43-49C0-4769-8A32-831208765390}.Debug|x86.Build.0 = Debug|Any CPU
		{46B30F43-49C0-4769-8A32-831208765390}.Release|Any CPU.ActiveCfg = Release|Any CPU
		{46B30F43-49C0-4769-8A32-831208765390}.Release|Any CPU.Build.0 = Release|Any CPU
		{46B30F43-49C0-4769-8A32-831208765390}.Release|x64.ActiveCfg = Release|Any CPU
		{46B30F43-49C0-4769-8A32-831208765390}.Release|x64.Build.0 = Release|Any CPU
		{46B30F43-49C0-4769-8A32-831208765390}.Release|x86.ActiveCfg = Release|Any CPU
		{46B30F43-49C0-4769-8A32-831208765390}.Release|x86.Build.0 = Release|Any CPU
		{62CBEF0D-D895-4697-BDF5-72A59E437A14}.Debug|Any CPU.ActiveCfg = Debug|Any CPU
		{62CBEF0D-D895-4697-BDF5-72A59E437A14}.Debug|Any CPU.Build.0 = Debug|Any CPU
		{62CBEF0D-D895-4697-BDF5-72A59E437A14}.Debug|x64.ActiveCfg = Debug|Any CPU
		{62CBEF0D-D895-4697-BDF5-72A59E437A14}.Debug|x64.Build.0 = Debug|Any CPU
		{62CBEF0D-D895-4697-BDF5-72A59E437A14}.Debug|x86.ActiveCfg = Debug|Any CPU
		{62CBEF0D-D895-4697-BDF5-72A59E437A14}.Debug|x86.Build.0 = Debug|Any CPU
		{62CBEF0D-D895-4697-BDF5-72A59E437A14}.Release|Any CPU.ActiveCfg = Release|Any CPU
		{62CBEF0D-D895-4697-BDF5-72A59E437A14}.Release|Any CPU.Build.0 = Release|Any CPU
		{62CBEF0D-D895-4697-BDF5-72A59E437A14}.Release|x64.ActiveCfg = Release|Any CPU
		{62CBEF0D-D895-4697-BDF5-72A59E437A14}.Release|x64.Build.0 = Release|Any CPU
		{62CBEF0D-D895-4697-BDF5-72A59E437A14}.Release|x86.ActiveCfg = Release|Any CPU
		{62CBEF0D-D895-4697-BDF5-72A59E437A14}.Release|x86.Build.0 = Release|Any CPU
		{7B1C34FF-DD8F-4E40-905E-3B6E1A5C1151}.Debug|Any CPU.ActiveCfg = Debug|Any CPU
		{7B1C34FF-DD8F-4E40-905E-3B6E1A5C1151}.Debug|Any CPU.Build.0 = Debug|Any CPU
		{7B1C34FF-DD8F-4E40-905E-3B6E1A5C1151}.Debug|x64.ActiveCfg = Debug|Any CPU
		{7B1C34FF-DD8F-4E40-905E-3B6E1A5C1151}.Debug|x64.Build.0 = Debug|Any CPU
		{7B1C34FF-DD8F-4E40-905E-3B6E1A5C1151}.Debug|x86.ActiveCfg = Debug|Any CPU
		{7B1C34FF-DD8F-4E40-905E-3B6E1A5C1151}.Debug|x86.Build.0 = Debug|Any CPU
		{7B1C34FF-DD8F-4E40-905E-3B6E1A5C1151}.Release|Any CPU.ActiveCfg = Release|Any CPU
		{7B1C34FF-DD8F-4E40-905E-3B6E1A5C1151}.Release|Any CPU.Build.0 = Release|Any CPU
		{7B1C34FF-DD8F-4E40-905E-3B6E1A5C1151}.Release|x64.ActiveCfg = Release|Any CPU
		{7B1C34FF-DD8F-4E40-905E-3B6E1A5C1151}.Release|x64.Build.0 = Release|Any CPU
		{7B1C34FF-DD8F-4E40-905E-3B6E1A5C1151}.Release|x86.ActiveCfg = Release|Any CPU
		{7B1C34FF-DD8F-4E40-905E-3B6E1A5C1151}.Release|x86.Build.0 = Release|Any CPU
		{4168616E-5913-49FB-B864-96FE028F4FC4}.Debug|Any CPU.ActiveCfg = Debug|Any CPU
		{4168616E-5913-49FB-B864-96FE028F4FC4}.Debug|Any CPU.Build.0 = Debug|Any CPU
		{4168616E-5913-49FB-B864-96FE028F4FC4}.Debug|x64.ActiveCfg = Debug|Any CPU
		{4168616E-5913-49FB-B864-96FE028F4FC4}.Debug|x64.Build.0 = Debug|Any CPU
		{4168616E-5913-49FB-B864-96FE028F4FC4}.Debug|x86.ActiveCfg = Debug|Any CPU
		{4168616E-5913-49FB-B864-96FE028F4FC4}.Debug|x86.Build.0 = Debug|Any CPU
		{4168616E-5913-49FB-B864-96FE028F4FC4}.Release|Any CPU.ActiveCfg = Release|Any CPU
		{4168616E-5913-49FB-B864-96FE028F4FC4}.Release|Any CPU.Build.0 = Release|Any CPU
		{4168616E-5913-49FB-B864-96FE028F4FC4}.Release|x64.ActiveCfg = Release|Any CPU
		{4168616E-5913-49FB-B864-96FE028F4FC4}.Release|x64.Build.0 = Release|Any CPU
		{4168616E-5913-49FB-B864-96FE028F4FC4}.Release|x86.ActiveCfg = Release|Any CPU
		{4168616E-5913-49FB-B864-96FE028F4FC4}.Release|x86.Build.0 = Release|Any CPU
		{80F4D0FC-A754-4D4D-8D3A-B886B3A3EF56}.Debug|Any CPU.ActiveCfg = Debug|Any CPU
		{80F4D0FC-A754-4D4D-8D3A-B886B3A3EF56}.Debug|Any CPU.Build.0 = Debug|Any CPU
		{80F4D0FC-A754-4D4D-8D3A-B886B3A3EF56}.Debug|x64.ActiveCfg = Debug|Any CPU
		{80F4D0FC-A754-4D4D-8D3A-B886B3A3EF56}.Debug|x64.Build.0 = Debug|Any CPU
		{80F4D0FC-A754-4D4D-8D3A-B886B3A3EF56}.Debug|x86.ActiveCfg = Debug|Any CPU
		{80F4D0FC-A754-4D4D-8D3A-B886B3A3EF56}.Debug|x86.Build.0 = Debug|Any CPU
		{80F4D0FC-A754-4D4D-8D3A-B886B3A3EF56}.Release|Any CPU.ActiveCfg = Release|Any CPU
		{80F4D0FC-A754-4D4D-8D3A-B886B3A3EF56}.Release|Any CPU.Build.0 = Release|Any CPU
		{80F4D0FC-A754-4D4D-8D3A-B886B3A3EF56}.Release|x64.ActiveCfg = Release|Any CPU
		{80F4D0FC-A754-4D4D-8D3A-B886B3A3EF56}.Release|x64.Build.0 = Release|Any CPU
		{80F4D0FC-A754-4D4D-8D3A-B886B3A3EF56}.Release|x86.ActiveCfg = Release|Any CPU
		{80F4D0FC-A754-4D4D-8D3A-B886B3A3EF56}.Release|x86.Build.0 = Release|Any CPU
		{D0E1419A-A73C-4C58-9620-6B444F2AE5C1}.Debug|Any CPU.ActiveCfg = Debug|Any CPU
		{D0E1419A-A73C-4C58-9620-6B444F2AE5C1}.Debug|Any CPU.Build.0 = Debug|Any CPU
		{D0E1419A-A73C-4C58-9620-6B444F2AE5C1}.Debug|x64.ActiveCfg = Debug|Any CPU
		{D0E1419A-A73C-4C58-9620-6B444F2AE5C1}.Debug|x64.Build.0 = Debug|Any CPU
		{D0E1419A-A73C-4C58-9620-6B444F2AE5C1}.Debug|x86.ActiveCfg = Debug|Any CPU
		{D0E1419A-A73C-4C58-9620-6B444F2AE5C1}.Debug|x86.Build.0 = Debug|Any CPU
		{D0E1419A-A73C-4C58-9620-6B444F2AE5C1}.Release|Any CPU.ActiveCfg = Release|Any CPU
		{D0E1419A-A73C-4C58-9620-6B444F2AE5C1}.Release|Any CPU.Build.0 = Release|Any CPU
		{D0E1419A-A73C-4C58-9620-6B444F2AE5C1}.Release|x64.ActiveCfg = Release|Any CPU
		{D0E1419A-A73C-4C58-9620-6B444F2AE5C1}.Release|x64.Build.0 = Release|Any CPU
		{D0E1419A-A73C-4C58-9620-6B444F2AE5C1}.Release|x86.ActiveCfg = Release|Any CPU
		{D0E1419A-A73C-4C58-9620-6B444F2AE5C1}.Release|x86.Build.0 = Release|Any CPU
		{5A1513A2-656C-495B-A021-D24656DFD486}.Debug|Any CPU.ActiveCfg = Debug|Any CPU
		{5A1513A2-656C-495B-A021-D24656DFD486}.Debug|Any CPU.Build.0 = Debug|Any CPU
		{5A1513A2-656C-495B-A021-D24656DFD486}.Debug|x64.ActiveCfg = Debug|Any CPU
		{5A1513A2-656C-495B-A021-D24656DFD486}.Debug|x64.Build.0 = Debug|Any CPU
		{5A1513A2-656C-495B-A021-D24656DFD486}.Debug|x86.ActiveCfg = Debug|Any CPU
		{5A1513A2-656C-495B-A021-D24656DFD486}.Debug|x86.Build.0 = Debug|Any CPU
		{5A1513A2-656C-495B-A021-D24656DFD486}.Release|Any CPU.ActiveCfg = Release|Any CPU
		{5A1513A2-656C-495B-A021-D24656DFD486}.Release|Any CPU.Build.0 = Release|Any CPU
		{5A1513A2-656C-495B-A021-D24656DFD486}.Release|x64.ActiveCfg = Release|Any CPU
		{5A1513A2-656C-495B-A021-D24656DFD486}.Release|x64.Build.0 = Release|Any CPU
		{5A1513A2-656C-495B-A021-D24656DFD486}.Release|x86.ActiveCfg = Release|Any CPU
		{5A1513A2-656C-495B-A021-D24656DFD486}.Release|x86.Build.0 = Release|Any CPU
		{0289087D-F25C-4CC0-B08D-7206D0DAB96D}.Debug|Any CPU.ActiveCfg = Debug|Any CPU
		{0289087D-F25C-4CC0-B08D-7206D0DAB96D}.Debug|Any CPU.Build.0 = Debug|Any CPU
		{0289087D-F25C-4CC0-B08D-7206D0DAB96D}.Debug|x64.ActiveCfg = Debug|Any CPU
		{0289087D-F25C-4CC0-B08D-7206D0DAB96D}.Debug|x64.Build.0 = Debug|Any CPU
		{0289087D-F25C-4CC0-B08D-7206D0DAB96D}.Debug|x86.ActiveCfg = Debug|Any CPU
		{0289087D-F25C-4CC0-B08D-7206D0DAB96D}.Debug|x86.Build.0 = Debug|Any CPU
		{0289087D-F25C-4CC0-B08D-7206D0DAB96D}.Release|Any CPU.ActiveCfg = Release|Any CPU
		{0289087D-F25C-4CC0-B08D-7206D0DAB96D}.Release|Any CPU.Build.0 = Release|Any CPU
		{0289087D-F25C-4CC0-B08D-7206D0DAB96D}.Release|x64.ActiveCfg = Release|Any CPU
		{0289087D-F25C-4CC0-B08D-7206D0DAB96D}.Release|x64.Build.0 = Release|Any CPU
		{0289087D-F25C-4CC0-B08D-7206D0DAB96D}.Release|x86.ActiveCfg = Release|Any CPU
		{0289087D-F25C-4CC0-B08D-7206D0DAB96D}.Release|x86.Build.0 = Release|Any CPU
		{216370AC-C19C-44E1-9ABB-B886F58A56F8}.Debug|Any CPU.ActiveCfg = Debug|Any CPU
		{216370AC-C19C-44E1-9ABB-B886F58A56F8}.Debug|Any CPU.Build.0 = Debug|Any CPU
		{216370AC-C19C-44E1-9ABB-B886F58A56F8}.Debug|x64.ActiveCfg = Debug|Any CPU
		{216370AC-C19C-44E1-9ABB-B886F58A56F8}.Debug|x64.Build.0 = Debug|Any CPU
		{216370AC-C19C-44E1-9ABB-B886F58A56F8}.Debug|x86.ActiveCfg = Debug|Any CPU
		{216370AC-C19C-44E1-9ABB-B886F58A56F8}.Debug|x86.Build.0 = Debug|Any CPU
		{216370AC-C19C-44E1-9ABB-B886F58A56F8}.Release|Any CPU.ActiveCfg = Release|Any CPU
		{216370AC-C19C-44E1-9ABB-B886F58A56F8}.Release|Any CPU.Build.0 = Release|Any CPU
		{216370AC-C19C-44E1-9ABB-B886F58A56F8}.Release|x64.ActiveCfg = Release|Any CPU
		{216370AC-C19C-44E1-9ABB-B886F58A56F8}.Release|x64.Build.0 = Release|Any CPU
		{216370AC-C19C-44E1-9ABB-B886F58A56F8}.Release|x86.ActiveCfg = Release|Any CPU
		{216370AC-C19C-44E1-9ABB-B886F58A56F8}.Release|x86.Build.0 = Release|Any CPU
		{B471FA11-D538-47E9-BFB3-BAA9A16F6597}.Debug|Any CPU.ActiveCfg = Debug|Any CPU
		{B471FA11-D538-47E9-BFB3-BAA9A16F6597}.Debug|Any CPU.Build.0 = Debug|Any CPU
		{B471FA11-D538-47E9-BFB3-BAA9A16F6597}.Debug|x64.ActiveCfg = Debug|Any CPU
		{B471FA11-D538-47E9-BFB3-BAA9A16F6597}.Debug|x64.Build.0 = Debug|Any CPU
		{B471FA11-D538-47E9-BFB3-BAA9A16F6597}.Debug|x86.ActiveCfg = Debug|Any CPU
		{B471FA11-D538-47E9-BFB3-BAA9A16F6597}.Debug|x86.Build.0 = Debug|Any CPU
		{B471FA11-D538-47E9-BFB3-BAA9A16F6597}.Release|Any CPU.ActiveCfg = Release|Any CPU
		{B471FA11-D538-47E9-BFB3-BAA9A16F6597}.Release|Any CPU.Build.0 = Release|Any CPU
		{B471FA11-D538-47E9-BFB3-BAA9A16F6597}.Release|x64.ActiveCfg = Release|Any CPU
		{B471FA11-D538-47E9-BFB3-BAA9A16F6597}.Release|x64.Build.0 = Release|Any CPU
		{B471FA11-D538-47E9-BFB3-BAA9A16F6597}.Release|x86.ActiveCfg = Release|Any CPU
		{B471FA11-D538-47E9-BFB3-BAA9A16F6597}.Release|x86.Build.0 = Release|Any CPU
		{6818B422-3A7E-44C6-81AD-01EFD0BE5956}.Debug|Any CPU.ActiveCfg = Debug|Any CPU
		{6818B422-3A7E-44C6-81AD-01EFD0BE5956}.Debug|Any CPU.Build.0 = Debug|Any CPU
		{6818B422-3A7E-44C6-81AD-01EFD0BE5956}.Debug|x64.ActiveCfg = Debug|Any CPU
		{6818B422-3A7E-44C6-81AD-01EFD0BE5956}.Debug|x64.Build.0 = Debug|Any CPU
		{6818B422-3A7E-44C6-81AD-01EFD0BE5956}.Debug|x86.ActiveCfg = Debug|Any CPU
		{6818B422-3A7E-44C6-81AD-01EFD0BE5956}.Debug|x86.Build.0 = Debug|Any CPU
		{6818B422-3A7E-44C6-81AD-01EFD0BE5956}.Release|Any CPU.ActiveCfg = Release|Any CPU
		{6818B422-3A7E-44C6-81AD-01EFD0BE5956}.Release|Any CPU.Build.0 = Release|Any CPU
		{6818B422-3A7E-44C6-81AD-01EFD0BE5956}.Release|x64.ActiveCfg = Release|Any CPU
		{6818B422-3A7E-44C6-81AD-01EFD0BE5956}.Release|x64.Build.0 = Release|Any CPU
		{6818B422-3A7E-44C6-81AD-01EFD0BE5956}.Release|x86.ActiveCfg = Release|Any CPU
		{6818B422-3A7E-44C6-81AD-01EFD0BE5956}.Release|x86.Build.0 = Release|Any CPU
		{864A8B38-AFEC-44BC-BC45-BB57E0C221E7}.Debug|Any CPU.ActiveCfg = Debug|Any CPU
		{864A8B38-AFEC-44BC-BC45-BB57E0C221E7}.Debug|Any CPU.Build.0 = Debug|Any CPU
		{864A8B38-AFEC-44BC-BC45-BB57E0C221E7}.Debug|x64.ActiveCfg = Debug|Any CPU
		{864A8B38-AFEC-44BC-BC45-BB57E0C221E7}.Debug|x64.Build.0 = Debug|Any CPU
		{864A8B38-AFEC-44BC-BC45-BB57E0C221E7}.Debug|x86.ActiveCfg = Debug|Any CPU
		{864A8B38-AFEC-44BC-BC45-BB57E0C221E7}.Debug|x86.Build.0 = Debug|Any CPU
		{864A8B38-AFEC-44BC-BC45-BB57E0C221E7}.Release|Any CPU.ActiveCfg = Release|Any CPU
		{864A8B38-AFEC-44BC-BC45-BB57E0C221E7}.Release|Any CPU.Build.0 = Release|Any CPU
		{864A8B38-AFEC-44BC-BC45-BB57E0C221E7}.Release|x64.ActiveCfg = Release|Any CPU
		{864A8B38-AFEC-44BC-BC45-BB57E0C221E7}.Release|x64.Build.0 = Release|Any CPU
		{864A8B38-AFEC-44BC-BC45-BB57E0C221E7}.Release|x86.ActiveCfg = Release|Any CPU
		{864A8B38-AFEC-44BC-BC45-BB57E0C221E7}.Release|x86.Build.0 = Release|Any CPU
		{A00E0C0A-FD1C-4915-A916-D2ED16B5E95B}.Debug|Any CPU.ActiveCfg = Debug|Any CPU
		{A00E0C0A-FD1C-4915-A916-D2ED16B5E95B}.Debug|Any CPU.Build.0 = Debug|Any CPU
		{A00E0C0A-FD1C-4915-A916-D2ED16B5E95B}.Debug|x64.ActiveCfg = Debug|Any CPU
		{A00E0C0A-FD1C-4915-A916-D2ED16B5E95B}.Debug|x64.Build.0 = Debug|Any CPU
		{A00E0C0A-FD1C-4915-A916-D2ED16B5E95B}.Debug|x86.ActiveCfg = Debug|Any CPU
		{A00E0C0A-FD1C-4915-A916-D2ED16B5E95B}.Debug|x86.Build.0 = Debug|Any CPU
		{A00E0C0A-FD1C-4915-A916-D2ED16B5E95B}.Release|Any CPU.ActiveCfg = Release|Any CPU
		{A00E0C0A-FD1C-4915-A916-D2ED16B5E95B}.Release|Any CPU.Build.0 = Release|Any CPU
		{A00E0C0A-FD1C-4915-A916-D2ED16B5E95B}.Release|x64.ActiveCfg = Release|Any CPU
		{A00E0C0A-FD1C-4915-A916-D2ED16B5E95B}.Release|x64.Build.0 = Release|Any CPU
		{A00E0C0A-FD1C-4915-A916-D2ED16B5E95B}.Release|x86.ActiveCfg = Release|Any CPU
		{A00E0C0A-FD1C-4915-A916-D2ED16B5E95B}.Release|x86.Build.0 = Release|Any CPU
		{8FEEA622-1BE4-41B7-BA16-7BC825B41A02}.Debug|Any CPU.ActiveCfg = Debug|Any CPU
		{8FEEA622-1BE4-41B7-BA16-7BC825B41A02}.Debug|Any CPU.Build.0 = Debug|Any CPU
		{8FEEA622-1BE4-41B7-BA16-7BC825B41A02}.Debug|x64.ActiveCfg = Debug|Any CPU
		{8FEEA622-1BE4-41B7-BA16-7BC825B41A02}.Debug|x64.Build.0 = Debug|Any CPU
		{8FEEA622-1BE4-41B7-BA16-7BC825B41A02}.Debug|x86.ActiveCfg = Debug|Any CPU
		{8FEEA622-1BE4-41B7-BA16-7BC825B41A02}.Debug|x86.Build.0 = Debug|Any CPU
		{8FEEA622-1BE4-41B7-BA16-7BC825B41A02}.Release|Any CPU.ActiveCfg = Release|Any CPU
		{8FEEA622-1BE4-41B7-BA16-7BC825B41A02}.Release|Any CPU.Build.0 = Release|Any CPU
		{8FEEA622-1BE4-41B7-BA16-7BC825B41A02}.Release|x64.ActiveCfg = Release|Any CPU
		{8FEEA622-1BE4-41B7-BA16-7BC825B41A02}.Release|x64.Build.0 = Release|Any CPU
		{8FEEA622-1BE4-41B7-BA16-7BC825B41A02}.Release|x86.ActiveCfg = Release|Any CPU
		{8FEEA622-1BE4-41B7-BA16-7BC825B41A02}.Release|x86.Build.0 = Release|Any CPU
		{F3EA4EFC-D1A3-48D3-9602-C186EDC38BF5}.Debug|Any CPU.ActiveCfg = Debug|Any CPU
		{F3EA4EFC-D1A3-48D3-9602-C186EDC38BF5}.Debug|Any CPU.Build.0 = Debug|Any CPU
		{F3EA4EFC-D1A3-48D3-9602-C186EDC38BF5}.Debug|x64.ActiveCfg = Debug|Any CPU
		{F3EA4EFC-D1A3-48D3-9602-C186EDC38BF5}.Debug|x64.Build.0 = Debug|Any CPU
		{F3EA4EFC-D1A3-48D3-9602-C186EDC38BF5}.Debug|x86.ActiveCfg = Debug|Any CPU
		{F3EA4EFC-D1A3-48D3-9602-C186EDC38BF5}.Debug|x86.Build.0 = Debug|Any CPU
		{F3EA4EFC-D1A3-48D3-9602-C186EDC38BF5}.Release|Any CPU.ActiveCfg = Release|Any CPU
		{F3EA4EFC-D1A3-48D3-9602-C186EDC38BF5}.Release|Any CPU.Build.0 = Release|Any CPU
		{F3EA4EFC-D1A3-48D3-9602-C186EDC38BF5}.Release|x64.ActiveCfg = Release|Any CPU
		{F3EA4EFC-D1A3-48D3-9602-C186EDC38BF5}.Release|x64.Build.0 = Release|Any CPU
		{F3EA4EFC-D1A3-48D3-9602-C186EDC38BF5}.Release|x86.ActiveCfg = Release|Any CPU
		{F3EA4EFC-D1A3-48D3-9602-C186EDC38BF5}.Release|x86.Build.0 = Release|Any CPU
	EndGlobalSection
	GlobalSection(SolutionProperties) = preSolution
		HideSolutionNode = FALSE
	EndGlobalSection
	GlobalSection(NestedProjects) = preSolution
		{72FFDC15-9C11-4E6D-9F82-35AF5A4BA3BD} = {827E0CD3-B72D-47B6-A68D-7590B98EB39B}
		{D3C333B7-26B3-4032-994E-6C531F991074} = {827E0CD3-B72D-47B6-A68D-7590B98EB39B}
		{E68B2228-8882-4912-BA59-FD323E7873C3} = {827E0CD3-B72D-47B6-A68D-7590B98EB39B}
		{B1956864-B2C2-4B36-8668-EECACE20B008} = {827E0CD3-B72D-47B6-A68D-7590B98EB39B}
		{54E539C9-2B18-4274-8D43-B980D9F8DBFD} = {827E0CD3-B72D-47B6-A68D-7590B98EB39B}
		{406B00BB-214D-45F4-9A14-A78CAAD92B4F} = {827E0CD3-B72D-47B6-A68D-7590B98EB39B}
		{85DC0465-977B-455F-9DB6-084C4AE295A4} = {827E0CD3-B72D-47B6-A68D-7590B98EB39B}
		{D5D93F03-C745-43AD-B45B-A69E31AA0251} = {827E0CD3-B72D-47B6-A68D-7590B98EB39B}
		{46B30F43-49C0-4769-8A32-831208765390} = {827E0CD3-B72D-47B6-A68D-7590B98EB39B}
		{62CBEF0D-D895-4697-BDF5-72A59E437A14} = {827E0CD3-B72D-47B6-A68D-7590B98EB39B}
		{7B1C34FF-DD8F-4E40-905E-3B6E1A5C1151} = {827E0CD3-B72D-47B6-A68D-7590B98EB39B}
		{4168616E-5913-49FB-B864-96FE028F4FC4} = {827E0CD3-B72D-47B6-A68D-7590B98EB39B}
		{80F4D0FC-A754-4D4D-8D3A-B886B3A3EF56} = {827E0CD3-B72D-47B6-A68D-7590B98EB39B}
		{D0E1419A-A73C-4C58-9620-6B444F2AE5C1} = {827E0CD3-B72D-47B6-A68D-7590B98EB39B}
		{5A1513A2-656C-495B-A021-D24656DFD486} = {827E0CD3-B72D-47B6-A68D-7590B98EB39B}
		{0289087D-F25C-4CC0-B08D-7206D0DAB96D} = {827E0CD3-B72D-47B6-A68D-7590B98EB39B}
		{216370AC-C19C-44E1-9ABB-B886F58A56F8} = {827E0CD3-B72D-47B6-A68D-7590B98EB39B}
		{B471FA11-D538-47E9-BFB3-BAA9A16F6597} = {827E0CD3-B72D-47B6-A68D-7590B98EB39B}
		{6818B422-3A7E-44C6-81AD-01EFD0BE5956} = {827E0CD3-B72D-47B6-A68D-7590B98EB39B}
		{864A8B38-AFEC-44BC-BC45-BB57E0C221E7} = {827E0CD3-B72D-47B6-A68D-7590B98EB39B}
		{A00E0C0A-FD1C-4915-A916-D2ED16B5E95B} = {827E0CD3-B72D-47B6-A68D-7590B98EB39B}
		{8FEEA622-1BE4-41B7-BA16-7BC825B41A02} = {827E0CD3-B72D-47B6-A68D-7590B98EB39B}
		{F3EA4EFC-D1A3-48D3-9602-C186EDC38BF5} = {827E0CD3-B72D-47B6-A68D-7590B98EB39B}
	EndGlobalSection
EndGlobal
